lockfileVersion: '9.0'

settings:
  autoInstallPeers: true
  excludeLinksFromLockfile: false

importers:

  .:
    dependencies:
      '@next/font':
        specifier: 14.2.15
        version: 14.2.15(next@15.5.4(react-dom@19.1.1(react@19.1.1))(react@19.1.1))
      next:
        specifier: 15.5.4
        version: 15.5.4(react-dom@19.1.1(react@19.1.1))(react@19.1.1)
      react:
        specifier: 19.1.1
        version: 19.1.1
      react-bootstrap:
        specifier: ^2.10.10
        version: 2.10.10(@types/react@19.1.13)(react-dom@19.1.1(react@19.1.1))(react@19.1.1)
      react-circular-progressbar:
        specifier: ^2.2.0
        version: 2.2.0(react@19.1.1)
      react-countup:
        specifier: ^6.5.3
        version: 6.5.3(react@19.1.1)
      react-dom:
        specifier: 19.1.1
        version: 19.1.1(react@19.1.1)
      react-nice-select:
        specifier: ^1.0.6
        version: 1.0.6
      react-player:
        specifier: ^3.3.3
        version: 3.3.3(@types/react@19.1.13)(react-dom@19.1.1(react@19.1.1))(react@19.1.1)
      react-slick:
        specifier: ^0.31.0
        version: 0.31.0(react-dom@19.1.1(react@19.1.1))(react@19.1.1)
      react-visibility-sensor:
        specifier: ^5.1.1
        version: 5.1.1(react-dom@19.1.1(react@19.1.1))(react@19.1.1)
      swiper:
        specifier: ^12.0.2
        version: 12.0.2
      wowjs:
        specifier: ^1.1.3
        version: 1.1.3

packages:

  '@babel/runtime@7.28.4':
    resolution: {integrity: sha512-Q/N6JNWvIvPnLDvjlE1OUBLPQHH6l3CltCEsHIujp45zQUSSh8K+gHnaEX45yAT1nyngnINhvWtzN+Nb9D8RAQ==}
    engines: {node: '>=6.9.0'}

  '@emnapi/runtime@1.5.0':
    resolution: {integrity: sha512-97/BJ3iXHww3djw6hYIfErCZFee7qCtrneuLa20UXFCOTCfBM2cvQHjWJ2EG0s0MtdNwInarqCTz35i4wWXHsQ==}

  '@img/colour@1.0.0':
    resolution: {integrity: sha512-A5P/LfWGFSl6nsckYtjw9da+19jB8hkJ6ACTGcDfEJ0aE+l2n2El7dsVM7UVHZQ9s2lmYMWlrS21YLy2IR1LUw==}
    engines: {node: '>=18'}

  '@img/sharp-darwin-arm64@0.34.4':
    resolution: {integrity: sha512-sitdlPzDVyvmINUdJle3TNHl+AG9QcwiAMsXmccqsCOMZNIdW2/7S26w0LyU8euiLVzFBL3dXPwVCq/ODnf2vA==}
    engines: {node: ^18.17.0 || ^20.3.0 || >=21.0.0}
    cpu: [arm64]
    os: [darwin]

  '@img/sharp-darwin-x64@0.34.4':
    resolution: {integrity: sha512-rZheupWIoa3+SOdF/IcUe1ah4ZDpKBGWcsPX6MT0lYniH9micvIU7HQkYTfrx5Xi8u+YqwLtxC/3vl8TQN6rMg==}
    engines: {node: ^18.17.0 || ^20.3.0 || >=21.0.0}
    cpu: [x64]
    os: [darwin]

  '@img/sharp-libvips-darwin-arm64@1.2.3':
    resolution: {integrity: sha512-QzWAKo7kpHxbuHqUC28DZ9pIKpSi2ts2OJnoIGI26+HMgq92ZZ4vk8iJd4XsxN+tYfNJxzH6W62X5eTcsBymHw==}
    cpu: [arm64]
    os: [darwin]

  '@img/sharp-libvips-darwin-x64@1.2.3':
    resolution: {integrity: sha512-Ju+g2xn1E2AKO6YBhxjj+ACcsPQRHT0bhpglxcEf+3uyPY+/gL8veniKoo96335ZaPo03bdDXMv0t+BBFAbmRA==}
    cpu: [x64]
    os: [darwin]

  '@img/sharp-libvips-linux-arm64@1.2.3':
    resolution: {integrity: sha512-I4RxkXU90cpufazhGPyVujYwfIm9Nk1QDEmiIsaPwdnm013F7RIceaCc87kAH+oUB1ezqEvC6ga4m7MSlqsJvQ==}
    cpu: [arm64]
    os: [linux]

  '@img/sharp-libvips-linux-arm@1.2.3':
    resolution: {integrity: sha512-x1uE93lyP6wEwGvgAIV0gP6zmaL/a0tGzJs/BIDDG0zeBhMnuUPm7ptxGhUbcGs4okDJrk4nxgrmxpib9g6HpA==}
    cpu: [arm]
    os: [linux]

  '@img/sharp-libvips-linux-ppc64@1.2.3':
    resolution: {integrity: sha512-Y2T7IsQvJLMCBM+pmPbM3bKT/yYJvVtLJGfCs4Sp95SjvnFIjynbjzsa7dY1fRJX45FTSfDksbTp6AGWudiyCg==}
    cpu: [ppc64]
    os: [linux]

  '@img/sharp-libvips-linux-s390x@1.2.3':
    resolution: {integrity: sha512-RgWrs/gVU7f+K7P+KeHFaBAJlNkD1nIZuVXdQv6S+fNA6syCcoboNjsV2Pou7zNlVdNQoQUpQTk8SWDHUA3y/w==}
    cpu: [s390x]
    os: [linux]

  '@img/sharp-libvips-linux-x64@1.2.3':
    resolution: {integrity: sha512-3JU7LmR85K6bBiRzSUc/Ff9JBVIFVvq6bomKE0e63UXGeRw2HPVEjoJke1Yx+iU4rL7/7kUjES4dZ/81Qjhyxg==}
    cpu: [x64]
    os: [linux]

  '@img/sharp-libvips-linuxmusl-arm64@1.2.3':
    resolution: {integrity: sha512-F9q83RZ8yaCwENw1GieztSfj5msz7GGykG/BA+MOUefvER69K/ubgFHNeSyUu64amHIYKGDs4sRCMzXVj8sEyw==}
    cpu: [arm64]
    os: [linux]

  '@img/sharp-libvips-linuxmusl-x64@1.2.3':
    resolution: {integrity: sha512-U5PUY5jbc45ANM6tSJpsgqmBF/VsL6LnxJmIf11kB7J5DctHgqm0SkuXzVWtIY90GnJxKnC/JT251TDnk1fu/g==}
    cpu: [x64]
    os: [linux]

  '@img/sharp-linux-arm64@0.34.4':
    resolution: {integrity: sha512-YXU1F/mN/Wu786tl72CyJjP/Ngl8mGHN1hST4BGl+hiW5jhCnV2uRVTNOcaYPs73NeT/H8Upm3y9582JVuZHrQ==}
    engines: {node: ^18.17.0 || ^20.3.0 || >=21.0.0}
    cpu: [arm64]
    os: [linux]

  '@img/sharp-linux-arm@0.34.4':
    resolution: {integrity: sha512-Xyam4mlqM0KkTHYVSuc6wXRmM7LGN0P12li03jAnZ3EJWZqj83+hi8Y9UxZUbxsgsK1qOEwg7O0Bc0LjqQVtxA==}
    engines: {node: ^18.17.0 || ^20.3.0 || >=21.0.0}
    cpu: [arm]
    os: [linux]

  '@img/sharp-linux-ppc64@0.34.4':
    resolution: {integrity: sha512-F4PDtF4Cy8L8hXA2p3TO6s4aDt93v+LKmpcYFLAVdkkD3hSxZzee0rh6/+94FpAynsuMpLX5h+LRsSG3rIciUQ==}
    engines: {node: ^18.17.0 || ^20.3.0 || >=21.0.0}
    cpu: [ppc64]
    os: [linux]

  '@img/sharp-linux-s390x@0.34.4':
    resolution: {integrity: sha512-qVrZKE9Bsnzy+myf7lFKvng6bQzhNUAYcVORq2P7bDlvmF6u2sCmK2KyEQEBdYk+u3T01pVsPrkj943T1aJAsw==}
    engines: {node: ^18.17.0 || ^20.3.0 || >=21.0.0}
    cpu: [s390x]
    os: [linux]

  '@img/sharp-linux-x64@0.34.4':
    resolution: {integrity: sha512-ZfGtcp2xS51iG79c6Vhw9CWqQC8l2Ot8dygxoDoIQPTat/Ov3qAa8qpxSrtAEAJW+UjTXc4yxCjNfxm4h6Xm2A==}
    engines: {node: ^18.17.0 || ^20.3.0 || >=21.0.0}
    cpu: [x64]
    os: [linux]

  '@img/sharp-linuxmusl-arm64@0.34.4':
    resolution: {integrity: sha512-8hDVvW9eu4yHWnjaOOR8kHVrew1iIX+MUgwxSuH2XyYeNRtLUe4VNioSqbNkB7ZYQJj9rUTT4PyRscyk2PXFKA==}
    engines: {node: ^18.17.0 || ^20.3.0 || >=21.0.0}
    cpu: [arm64]
    os: [linux]

  '@img/sharp-linuxmusl-x64@0.34.4':
    resolution: {integrity: sha512-lU0aA5L8QTlfKjpDCEFOZsTYGn3AEiO6db8W5aQDxj0nQkVrZWmN3ZP9sYKWJdtq3PWPhUNlqehWyXpYDcI9Sg==}
    engines: {node: ^18.17.0 || ^20.3.0 || >=21.0.0}
    cpu: [x64]
    os: [linux]

  '@img/sharp-wasm32@0.34.4':
    resolution: {integrity: sha512-33QL6ZO/qpRyG7woB/HUALz28WnTMI2W1jgX3Nu2bypqLIKx/QKMILLJzJjI+SIbvXdG9fUnmrxR7vbi1sTBeA==}
    engines: {node: ^18.17.0 || ^20.3.0 || >=21.0.0}
    cpu: [wasm32]

  '@img/sharp-win32-arm64@0.34.4':
    resolution: {integrity: sha512-2Q250do/5WXTwxW3zjsEuMSv5sUU4Tq9VThWKlU2EYLm4MB7ZeMwF+SFJutldYODXF6jzc6YEOC+VfX0SZQPqA==}
    engines: {node: ^18.17.0 || ^20.3.0 || >=21.0.0}
    cpu: [arm64]
    os: [win32]

  '@img/sharp-win32-ia32@0.34.4':
    resolution: {integrity: sha512-3ZeLue5V82dT92CNL6rsal6I2weKw1cYu+rGKm8fOCCtJTR2gYeUfY3FqUnIJsMUPIH68oS5jmZ0NiJ508YpEw==}
    engines: {node: ^18.17.0 || ^20.3.0 || >=21.0.0}
    cpu: [ia32]
    os: [win32]

  '@img/sharp-win32-x64@0.34.4':
    resolution: {integrity: sha512-xIyj4wpYs8J18sVN3mSQjwrw7fKUqRw+Z5rnHNCy5fYTxigBz81u5mOMPmFumwjcn8+ld1ppptMBCLic1nz6ig==}
    engines: {node: ^18.17.0 || ^20.3.0 || >=21.0.0}
    cpu: [x64]
    os: [win32]

  '@mux/mux-data-google-ima@0.2.8':
    resolution: {integrity: sha512-0ZEkHdcZ6bS8QtcjFcoJeZxJTpX7qRIledf4q1trMWPznugvtajCjCM2kieK/pzkZj1JM6liDRFs1PJSfVUs2A==}

  '@mux/mux-player-react@3.6.0':
    resolution: {integrity: sha512-bh2Z1fQqNkKCNUMS/3VU6jL2iY22155ZSIyizfz+bVX0EYHqdsS/iG95iDYLPlzA8WPyIh+J210tme68e1qP+w==}
    peerDependencies:
      '@types/react': ^17.0.0 || ^17.0.0-0 || ^18 || ^18.0.0-0 || ^19 || ^19.0.0-0
      '@types/react-dom': '*'
      react: ^17.0.2 || ^17.0.0-0 || ^18 || ^18.0.0-0 || ^19 || ^19.0.0-0
      react-dom: ^17.0.2 || ^17.0.2-0 || ^18 || ^18.0.0-0 || ^19 || ^19.0.0-0
    peerDependenciesMeta:
      '@types/react':
        optional: true
      '@types/react-dom':
        optional: true

  '@mux/mux-player@3.6.0':
    resolution: {integrity: sha512-yVWmTMJUoKNZZxsINFmz7ZUUR3GC+Qf7b6Qv2GTmUoYn14pO1aXywHLlMLDohstLIvdeOdh6F/WsD2/gDVSOmQ==}

  '@mux/mux-video@0.27.0':
    resolution: {integrity: sha512-Oi142YAcPKrmHTG+eaWHWaE7ucMHeJwx1FXABbLM2hMGj9MQ7kYjsD5J3meFlvuyz5UeVDsPLHeUJgeBXUZovg==}

  '@mux/playback-core@0.31.0':
    resolution: {integrity: sha512-VADcrtS4O6fQBH8qmgavS6h7v7amzy2oCguu1NnLaVZ3Z8WccNXcF0s7jPRoRDyXWGShgtVhypW2uXjLpkPxyw==}

  '@next/env@15.5.4':
    resolution: {integrity: sha512-27SQhYp5QryzIT5uO8hq99C69eLQ7qkzkDPsk3N+GuS2XgOgoYEeOav7Pf8Tn4drECOVDsDg8oj+/DVy8qQL2A==}

  '@next/font@14.2.15':
    resolution: {integrity: sha512-QopYhBmCDDrNDynbi+ZD1hDZXmQXVFo7TmAFp4DQgO/kogz1OLbQ92hPigJbj572eZ3GaaVxNIyYVn3/eAsehg==}
    peerDependencies:
      next: '*'

  '@next/swc-darwin-arm64@15.5.4':
    resolution: {integrity: sha512-nopqz+Ov6uvorej8ndRX6HlxCYWCO3AHLfKK2TYvxoSB2scETOcfm/HSS3piPqc3A+MUgyHoqE6je4wnkjfrOA==}
    engines: {node: '>= 10'}
    cpu: [arm64]
    os: [darwin]

  '@next/swc-darwin-x64@15.5.4':
    resolution: {integrity: sha512-QOTCFq8b09ghfjRJKfb68kU9k2K+2wsC4A67psOiMn849K9ZXgCSRQr0oVHfmKnoqCbEmQWG1f2h1T2vtJJ9mA==}
    engines: {node: '>= 10'}
    cpu: [x64]
    os: [darwin]

  '@next/swc-linux-arm64-gnu@15.5.4':
    resolution: {integrity: sha512-eRD5zkts6jS3VfE/J0Kt1VxdFqTnMc3QgO5lFE5GKN3KDI/uUpSyK3CjQHmfEkYR4wCOl0R0XrsjpxfWEA++XA==}
    engines: {node: '>= 10'}
    cpu: [arm64]
    os: [linux]

  '@next/swc-linux-arm64-musl@15.5.4':
    resolution: {integrity: sha512-TOK7iTxmXFc45UrtKqWdZ1shfxuL4tnVAOuuJK4S88rX3oyVV4ZkLjtMT85wQkfBrOOvU55aLty+MV8xmcJR8A==}
    engines: {node: '>= 10'}
    cpu: [arm64]
    os: [linux]

  '@next/swc-linux-x64-gnu@15.5.4':
    resolution: {integrity: sha512-7HKolaj+481FSW/5lL0BcTkA4Ueam9SPYWyN/ib/WGAFZf0DGAN8frNpNZYFHtM4ZstrHZS3LY3vrwlIQfsiMA==}
    engines: {node: '>= 10'}
    cpu: [x64]
    os: [linux]

  '@next/swc-linux-x64-musl@15.5.4':
    resolution: {integrity: sha512-nlQQ6nfgN0nCO/KuyEUwwOdwQIGjOs4WNMjEUtpIQJPR2NUfmGpW2wkJln1d4nJ7oUzd1g4GivH5GoEPBgfsdw==}
    engines: {node: '>= 10'}
    cpu: [x64]
    os: [linux]

  '@next/swc-win32-arm64-msvc@15.5.4':
    resolution: {integrity: sha512-PcR2bN7FlM32XM6eumklmyWLLbu2vs+D7nJX8OAIoWy69Kef8mfiN4e8TUv2KohprwifdpFKPzIP1njuCjD0YA==}
    engines: {node: '>= 10'}
    cpu: [arm64]
    os: [win32]

  '@next/swc-win32-x64-msvc@15.5.4':
    resolution: {integrity: sha512-1ur2tSHZj8Px/KMAthmuI9FMp/YFusMMGoRNJaRZMOlSkgvLjzosSdQI0cJAKogdHl3qXUQKL9MGaYvKwA7DXg==}
    engines: {node: '>= 10'}
    cpu: [x64]
    os: [win32]

  '@popperjs/core@2.11.8':
    resolution: {integrity: sha512-P1st0aksCrn9sGZhp8GMYwBnQsbvAWsZAX44oXNNvLHGqAOcoVxmjZiohstwQ7SqKnbR47akdNi+uleWD8+g6A==}

  '@react-aria/ssr@3.9.10':
    resolution: {integrity: sha512-hvTm77Pf+pMBhuBm760Li0BVIO38jv1IBws1xFm1NoL26PU+fe+FMW5+VZWyANR6nYL65joaJKZqOdTQMkO9IQ==}
    engines: {node: '>= 12'}
    peerDependencies:
      react: ^16.8.0 || ^17.0.0-rc.1 || ^18.0.0 || ^19.0.0-rc.1

  '@restart/hooks@0.4.16':
    resolution: {integrity: sha512-f7aCv7c+nU/3mF7NWLtVVr0Ra80RqsO89hO72r+Y/nvQr5+q0UFGkocElTH6MJApvReVh6JHUFYn2cw1WdHF3w==}
    peerDependencies:
      react: '>=16.8.0'

  '@restart/hooks@0.5.1':
    resolution: {integrity: sha512-EMoH04NHS1pbn07iLTjIjgttuqb7qu4+/EyhAx27MHpoENcB2ZdSsLTNxmKD+WEPnZigo62Qc8zjGnNxoSE/5Q==}
    peerDependencies:
      react: '>=16.8.0'

  '@restart/ui@1.9.4':
    resolution: {integrity: sha512-N4C7haUc3vn4LTwVUPlkJN8Ach/+yIMvRuTVIhjilNHqegY60SGLrzud6errOMNJwSnmYFnt1J0H/k8FE3A4KA==}
    peerDependencies:
      react: '>=16.14.0'
      react-dom: '>=16.14.0'

  '@svta/common-media-library@0.12.4':
    resolution: {integrity: sha512-9EuOoaNmz7JrfGwjsrD9SxF9otU5TNMnbLu1yU4BeLK0W5cDxVXXR58Z89q9u2AnHjIctscjMTYdlqQ1gojTuw==}

  '@swc/helpers@0.5.15':
    resolution: {integrity: sha512-JQ5TuMi45Owi4/BIMAJBoSQoOJu12oOk/gADqlcUL9JEdHB8vyjUSsxqeNXnmXHjYKMi2WcYtezGEEhqUI/E2g==}

  '@swc/helpers@0.5.17':
    resolution: {integrity: sha512-5IKx/Y13RsYd+sauPb2x+U/xZikHjolzfuDgTAl/Tdf3Q8rslRvC19NKDLgAJQ6wsqADk10ntlv08nPFw/gO/A==}

  '@types/prop-types@15.7.15':
    resolution: {integrity: sha512-F6bEyamV9jKGAFBEmlQnesRPGOQqS2+Uwi0Em15xenOxHaf2hv6L8YCVn3rPdPJOiJfPiCnLIRyvwVaqMY3MIw==}

  '@types/react-transition-group@4.4.12':
    resolution: {integrity: sha512-8TV6R3h2j7a91c+1DXdJi3Syo69zzIZbz7Lg5tORM5LEJG7X/E6a1V3drRyBRZq7/utz7A+c4OgYLiLcYGHG6w==}
    peerDependencies:
      '@types/react': '*'

  '@types/react@19.1.13':
    resolution: {integrity: sha512-hHkbU/eoO3EG5/MZkuFSKmYqPbSVk5byPFa3e7y/8TybHiLMACgI8seVYlicwk7H5K/rI2px9xrQp/C+AUDTiQ==}

  '@types/warning@3.0.3':
    resolution: {integrity: sha512-D1XC7WK8K+zZEveUPY+cf4+kgauk8N4eHr/XIHXGlGYkHLud6hK9lYfZk1ry1TNh798cZUCgb6MqGEG8DkJt6Q==}

  '@vimeo/player@2.29.0':
    resolution: {integrity: sha512-9JjvjeqUndb9otCCFd0/+2ESsLk7VkDE6sxOBy9iy2ukezuQbplVRi+g9g59yAurKofbmTi/KcKxBGO/22zWRw==}

  animate.css@4.1.1:
    resolution: {integrity: sha512-+mRmCTv6SbCmtYJCN4faJMNFVNN5EuCTTprDTAo7YzIGji2KADmakjVA3+8mVDkZ2Bf09vayB35lSQIex2+QaQ==}

  bcp-47-match@2.0.3:
    resolution: {integrity: sha512-JtTezzbAibu8G0R9op9zb3vcWZd9JF6M0xOYGPn0fNCd7wOpRB1mU2mH9T8gaBGbAAyIIVgB2G7xG0GP98zMAQ==}

  bcp-47-normalize@2.3.0:
    resolution: {integrity: sha512-8I/wfzqQvttUFz7HVJgIZ7+dj3vUaIyIxYXaTRP1YWoSDfzt6TUmxaKZeuXR62qBmYr+nvuWINFRl6pZ5DlN4Q==}

  bcp-47@2.1.0:
    resolution: {integrity: sha512-9IIS3UPrvIa1Ej+lVDdDwO7zLehjqsaByECw0bu2RRGP73jALm6FYbzI5gWbgHLvNdkvfXB5YrSbocZdOS0c0w==}

  caniuse-lite@1.0.30001743:
    resolution: {integrity: sha512-e6Ojr7RV14Un7dz6ASD0aZDmQPT/A+eZU+nuTNfjqmRrmkmQlnTNWH0SKmqagx9PeW87UVqapSurtAXifmtdmw==}

  castable-video@1.1.10:
    resolution: {integrity: sha512-/T1I0A4VG769wTEZ8gWuy1Crn9saAfRTd1UYTb8xbOPlN78+zOi/1nU2dD5koNkfE5VWvgabkIqrGKmyNXOjSQ==}

  ce-la-react@0.3.1:
    resolution: {integrity: sha512-g0YwpZDPIwTwFumGTzNHcgJA6VhFfFCJkSNdUdC04br2UfU+56JDrJrJva3FZ7MToB4NDHAFBiPE/PZdNl1mQA==}
    peerDependencies:
      react: '>=17.0.0'

  classnames@2.5.1:
    resolution: {integrity: sha512-saHYOzhIQs6wy2sVxTM6bUDsQO4F50V9RQ22qBpEdCW+I+/Wmke2HOl6lS6dTpdxVhb88/I6+Hs+438c3lfUow==}

  client-only@0.0.1:
    resolution: {integrity: sha512-IV3Ou0jSMzZrd3pZ48nLkT9DA7Ag1pnPzaiQhpW7c3RbcqqzvzzVu+L8gfqMp/8IM2MQtSiqaCxrrcfu8I8rMA==}

  cloudflare-video-element@1.3.4:
    resolution: {integrity: sha512-F9g+tXzGEXI6v6L48qXxr8vnR8+L6yy7IhpJxK++lpzuVekMHTixxH7/dzLuq6OacVGziU4RB5pzZYJ7/LYtJg==}

  codem-isoboxer@0.3.10:
    resolution: {integrity: sha512-eNk3TRV+xQMJ1PEj0FQGY8KD4m0GPxT487XJ+Iftm7mVa9WpPFDMWqPt+46buiP5j5Wzqe5oMIhqBcAeKfygSA==}

  countup.js@2.9.0:
    resolution: {integrity: sha512-llqrvyXztRFPp6+i8jx25phHWcVWhrHO4Nlt0uAOSKHB8778zzQswa4MU3qKBvkXfJKftRYFJuVHez67lyKdHg==}

  csstype@3.1.3:
    resolution: {integrity: sha512-M1uQkMl8rQK/szD0LNhtqxIPLpimGm8sOBwU7lLnCpSbTyY3yeU1Vc7l4KT5zT4s/yOxHH5O7tIuuLOCnLADRw==}

  custom-media-element@1.4.5:
    resolution: {integrity: sha512-cjrsQufETwxjvwZbYbKBCJNvmQ2++G9AvT45zDi7NXL9k2PdVcs2h0jQz96J6G4TMKRCcEsoJ+QTgQD00Igtjw==}

  dash-video-element@0.2.0:
    resolution: {integrity: sha512-dgmhBOte6JgvSvowvrh0Q/vhSrB52Q/AUl/KqminAUkPuUT3CCUNhto1X8ANigWkmNwhktFc/PCe0lF/4tBFwQ==}

  dashjs@5.0.3:
    resolution: {integrity: sha512-TXndNnCUjFjF2nYBxDVba+hWRpVkadkQ8flLp7kHkem+5+wZTfRShJCnVkPUosmjS0YPE9fVNLbYPJxHBeQZvA==}

  dequal@2.0.3:
    resolution: {integrity: sha512-0je+qPKHEMohvfRTCEo3CrPG6cAzAYgmzKyxRiYSSDkS6eGJdyVJm7WaYA5ECaAD9wLB2T4EEeymA5aFVcYXCA==}
    engines: {node: '>=6'}

  detect-libc@2.1.1:
    resolution: {integrity: sha512-ecqj/sy1jcK1uWrwpR67UhYrIFQ+5WlGxth34WquCbamhFA6hkkwiu37o6J5xCHdo1oixJRfVRw+ywV+Hq/0Aw==}
    engines: {node: '>=8'}

  dom-helpers@5.2.1:
    resolution: {integrity: sha512-nRCa7CK3VTrM2NmGkIy4cbK7IZlgBE/PYMn55rrXefr5xXDP0LdtfPnblFDoVdcAfslJ7or6iqAUnx0CCGIWQA==}

  fast-deep-equal@3.1.3:
    resolution: {integrity: sha512-f3qQ9oQy9j2AhBe/H9VC91wLmKBCCU/gDOnKNAYG5hswO7BLKj09Hc5HYNz9cGI++xlpDCIgDaitVs03ATR84Q==}

  hls-video-element@1.5.8:
    resolution: {integrity: sha512-DdeX5NzhM2Bj+ls5aaRrzSSnriK+r6lCrDa0YyfviNO4zb10JyAnJHZM214lXBWQghCm+fKmlWW1qpzdNoSAvQ==}

  hls.js@1.6.13:
    resolution: {integrity: sha512-hNEzjZNHf5bFrUNvdS4/1RjIanuJ6szpWNfTaX5I6WfGynWXGT7K/YQLYtemSvFExzeMdgdE4SsyVLJbd5PcZA==}

  html-entities@2.6.0:
    resolution: {integrity: sha512-kig+rMn/QOVRvr7c86gQ8lWXq+Hkv6CbAH1hLu+RG338StTpE8Z0b44SDVaqVu7HGKf27frdmUYEs9hTUX/cLQ==}

  immediate@3.0.6:
    resolution: {integrity: sha512-XXOFtyqDjNDAQxVfYxuF7g9Il/IbWmmlQg2MYKOH8ExIT1qg6xc4zyS3HaEEATgs1btfzxq15ciUiY7gjSXRGQ==}

  imsc@1.1.5:
    resolution: {integrity: sha512-V8je+CGkcvGhgl2C1GlhqFFiUOIEdwXbXLiu1Fcubvvbo+g9inauqT3l0pNYXGoLPBj3jxtZz9t+wCopMkwadQ==}

  invariant@2.2.4:
    resolution: {integrity: sha512-phJfQVBuaJM5raOpJjSfkiD6BpbCE4Ns//LaXl6wGYtUBY83nWS6Rf9tXm2e8VaK60JEjYldbPif/A2B1C2gNA==}

  is-alphabetical@2.0.1:
    resolution: {integrity: sha512-FWyyY60MeTNyeSRpkM2Iry0G9hpr7/9kD40mD/cGQEuilcZYS4okz8SN2Q6rLCJ8gbCt6fN+rC+6tMGS99LaxQ==}

  is-alphanumerical@2.0.1:
    resolution: {integrity: sha512-hmbYhX/9MUMF5uh7tOXyK/n0ZvWpad5caBA17GsC6vyuCqaWliRG5K1qS9inmUhEMaOBIW7/whAnSwveW/LtZw==}

  is-decimal@2.0.1:
    resolution: {integrity: sha512-AAB9hiomQs5DXWcRB1rqsxGUstbRroFOPPVAomNk/3XHR5JyEZChOyTWe2oayKnsSsr/kcGqF+z6yuH6HHpN0A==}

  js-tokens@4.0.0:
    resolution: {integrity: sha512-RdJUflcE3cUzKiMqQgsCu06FPu9UdIJO0beYbPhHN4k6apgJtifcoCtT9bcxOpYBtpD2kCM6Sbzg4CausW/PKQ==}

  json2mq@0.2.0:
    resolution: {integrity: sha512-SzoRg7ux5DWTII9J2qkrZrqV1gt+rTaoufMxEzXbS26Uid0NwaJd123HcoB80TgubEppxxIGdNxCx50fEoEWQA==}

  lie@3.1.1:
    resolution: {integrity: sha512-RiNhHysUjhrDQntfYSfY4MU24coXXdEOgw9WGcKHNeEwffDYbF//u87M1EWaMGzuFoSbqW0C9C6lEEhDOAswfw==}

  localforage@1.10.0:
    resolution: {integrity: sha512-14/H1aX7hzBBmmh7sGPd+AOMkkIrHM3Z1PAyGgZigA1H1p5O5ANnMyWzvpAETtG68/dC4pC0ncy3+PPGzXZHPg==}

  lodash.debounce@4.0.8:
    resolution: {integrity: sha512-FT1yDzDYEoYWhnSGnpE/4Kj1fLZkDFyqRb7fNt6FdYOSxlUWAtp42Eh6Wb0rGIv/m9Bgo7x4GhQbm5Ys4SG5ow==}

  loose-envify@1.4.0:
    resolution: {integrity: sha512-lyuxPGr/Wfhrlem2CL/UcnUc1zcqKAImBDzukY7Y5F/yQiNdko6+fRLevlw1HgMySw7f611UIY408EtxRSoK3Q==}
    hasBin: true

  media-chrome@4.13.1:
    resolution: {integrity: sha512-jPPwYrFkM4ky27/xNYEeyRPOBC7qvru4Oydy7vQHMHplXLQJmjtcauhlLPvG0O5kkYFEaOBXv5zGYes/UxOoVw==}

  media-tracks@0.3.3:
    resolution: {integrity: sha512-9P2FuUHnZZ3iji+2RQk7Zkh5AmZTnOG5fODACnjhCVveX1McY3jmCRHofIEI+yTBqplz7LXy48c7fQ3Uigp88w==}

  mux-embed@5.12.0:
    resolution: {integrity: sha512-Qj1MAqgAP4eNI5CmlvGCd0d0ZfcLU2wb4QzN5QqIa+IIa8NInQBZAiAfdsGWklY9mz+xYGkduy31BLafpuzlLw==}

  mux-embed@5.9.0:
    resolution: {integrity: sha512-wmunL3uoPhma/tWy8PrDPZkvJpXvSFBwbD3KkC4PG8Ztjfb1X3hRJwGUAQyRz7z99b/ovLm2UTTitrkvStjH4w==}

  nanoid@3.3.11:
    resolution: {integrity: sha512-N8SpfPUnUp1bK+PMYW8qSWdl9U+wwNWI4QKxOYDy9JAro3WMX7p2OeVRF9v+347pnakNevPmiHhNmZ2HbFA76w==}
    engines: {node: ^10 || ^12 || ^13.7 || ^14 || >=15.0.1}
    hasBin: true

  native-promise-only@0.8.1:
    resolution: {integrity: sha512-zkVhZUA3y8mbz652WrL5x0fB0ehrBkulWT3TomAQ9iDtyXZvzKeEA6GPxAItBYeNYl5yngKRX612qHOhvMkDeg==}

  next@15.5.4:
    resolution: {integrity: sha512-xH4Yjhb82sFYQfY3vbkJfgSDgXvBB6a8xPs9i35k6oZJRoQRihZH+4s9Yo2qsWpzBmZ3lPXaJ2KPXLfkvW4LnA==}
    engines: {node: ^18.18.0 || ^19.8.0 || >= 20.0.0}
    hasBin: true
    peerDependencies:
      '@opentelemetry/api': ^1.1.0
      '@playwright/test': ^1.51.1
      babel-plugin-react-compiler: '*'
      react: ^18.2.0 || 19.0.0-rc-de68d2f4-20241204 || ^19.0.0
      react-dom: ^18.2.0 || 19.0.0-rc-de68d2f4-20241204 || ^19.0.0
      sass: ^1.3.0
    peerDependenciesMeta:
      '@opentelemetry/api':
        optional: true
      '@playwright/test':
        optional: true
      babel-plugin-react-compiler:
        optional: true
      sass:
        optional: true

  object-assign@4.1.1:
    resolution: {integrity: sha512-rJgTQnkUnH1sFw8yT6VSU3zD3sWmu6sZhIseY8VX+GRu3P6F7Fu+JNDoXfklElbLJSnc3FUQHVe4cU5hj+BcUg==}
    engines: {node: '>=0.10.0'}

  path-browserify@1.0.1:
    resolution: {integrity: sha512-b7uo2UCUOYZcnF/3ID0lulOJi/bafxa1xPe7ZPsammBSpjSWQkjNxlt635YGS2MiR9GjvuXCtz2emr3jbsz98g==}

  picocolors@1.1.1:
    resolution: {integrity: sha512-xceH2snhtb5M9liqDsmEw56le376mTZkEX/jEb/RxNFyegNul7eNslCXP9FDj/Lcu0X8KEyMceP2ntpaHrDEVA==}

  player.style@0.2.0:
    resolution: {integrity: sha512-Ngoaz49TClptMr8HDA2IFmjT3Iq6R27QEUH/C+On33L59RSF3dCLefBYB1Au2RDZQJ6oVFpc1sXaPVpp7fEzzA==}

  postcss@8.4.31:
    resolution: {integrity: sha512-PS08Iboia9mts/2ygV3eLpY5ghnUcfLV/EXTOW1E2qYxJKGGBUtNjN76FYHnMs36RmARn41bC0AZmn+rR0OVpQ==}
    engines: {node: ^10 || ^12 || >=14}

  prop-types-extra@1.1.1:
    resolution: {integrity: sha512-59+AHNnHYCdiC+vMwY52WmvP5dM3QLeoumYuEyceQDi9aEhtwN9zIQ2ZNo25sMyXnbh32h+P1ezDsUpUH3JAew==}
    peerDependencies:
      react: '>=0.14.0'

  prop-types@15.8.1:
    resolution: {integrity: sha512-oj87CgZICdulUohogVAR7AjlC0327U4el4L6eAvOqCeudMDVU0NThNaV+b9Df4dXgSP1gXMTnPdhfe/2qDH5cg==}

  react-bootstrap@2.10.10:
    resolution: {integrity: sha512-gMckKUqn8aK/vCnfwoBpBVFUGT9SVQxwsYrp9yDHt0arXMamxALerliKBxr1TPbntirK/HGrUAHYbAeQTa9GHQ==}
    peerDependencies:
      '@types/react': '>=16.14.8'
      react: '>=16.14.0'
      react-dom: '>=16.14.0'
    peerDependenciesMeta:
      '@types/react':
        optional: true

  react-circular-progressbar@2.2.0:
    resolution: {integrity: sha512-cgyqEHOzB0nWMZjKfWN3MfSa1LV3OatcDjPz68lchXQUEiBD5O1WsAtoVK4/DSL0B4USR//cTdok4zCBkq8X5g==}
    peerDependencies:
      react: '>=0.14.0'

  react-countup@6.5.3:
    resolution: {integrity: sha512-udnqVQitxC7QWADSPDOxVWULkLvKUWrDapn5i53HE4DPRVgs+Y5rr4bo25qEl8jSh+0l2cToJgGMx+clxPM3+w==}
    peerDependencies:
      react: '>= 16.3.0'

  react-dom@19.1.1:
    resolution: {integrity: sha512-Dlq/5LAZgF0Gaz6yiqZCf6VCcZs1ghAJyrsu84Q/GT0gV+mCxbfmKNoGRKBYMJ8IEdGPqu49YWXD02GCknEDkw==}
    peerDependencies:
      react: ^19.1.1

  react-is@16.13.1:
    resolution: {integrity: sha512-24e6ynE2H+OKt4kqsOvNd8kBpV65zoxbA4BVsEOB3ARVWQki/DHzaUoC5KuON/BiccDaCCTZBuOcfZs70kR8bQ==}

  react-lifecycles-compat@3.0.4:
    resolution: {integrity: sha512-fBASbA6LnOU9dOU2eW7aQ8xmYBSXUIWr+UmF9b1efZBazGNO+rcXT/icdKnYm2pTwcRylVUYwW7H1PHfLekVzA==}

  react-nice-select@1.0.6:
    resolution: {integrity: sha512-DG/dQu3FSxTJJKbGTJAko7ehNOK8cKo0yf61BSyiTM5hFCP1I/Q5G2+xuTlDrhuUA+p9FjnsM2ebLz7VKQXvsQ==}

  react-player@3.3.3:
    resolution: {integrity: sha512-6U2ziVohA3WLdKI/WEQ7v27CIive0TCNIro55lJZka06fjB2kC4lJqBrvddG0yBvTDcn1owiUf2hRNaIzHAjIg==}
    peerDependencies:
      '@types/react': ^17.0.0 || ^18 || ^19
      react: ^17.0.2 || ^18 || ^19
      react-dom: ^17.0.2 || ^18 || ^19

  react-slick@0.31.0:
    resolution: {integrity: sha512-zo6VLT8wuSBJffg/TFPbzrw2dEnfZ/cUKmYsKByh3AgatRv29m2LoFbq5vRMa3R3A4wp4d8gwbJKO2fWZFaI3g==}
    peerDependencies:
      react: ^0.14.0 || ^15.0.1 || ^16.0.0 || ^17.0.0 || ^18.0.0 || ^19.0.0
      react-dom: ^0.14.0 || ^15.0.1 || ^16.0.0 || ^17.0.0 || ^18.0.0 || ^19.0.0

  react-transition-group@4.4.5:
    resolution: {integrity: sha512-pZcd1MCJoiKiBR2NRxeCRg13uCXbydPnmB4EOeRrY7480qNWO8IIgQG6zlDkm6uRMsURXPuKq0GWtiM59a5Q6g==}
    peerDependencies:
      react: '>=16.6.0'
      react-dom: '>=16.6.0'

  react-visibility-sensor@5.1.1:
    resolution: {integrity: sha512-cTUHqIK+zDYpeK19rzW6zF9YfT4486TIgizZW53wEZ+/GPBbK7cNS0EHyJVyHYacwFEvvHLEKfgJndbemWhB/w==}
    peerDependencies:
      react: '>=16.0.0'
      react-dom: '>=16.0.0'

  react@19.1.1:
    resolution: {integrity: sha512-w8nqGImo45dmMIfljjMwOGtbmC/mk4CMYhWIicdSflH91J9TyCyczcPFXJzrZ/ZXcgGRFeP6BU0BEJTw6tZdfQ==}
    engines: {node: '>=0.10.0'}

  resize-observer-polyfill@1.5.1:
    resolution: {integrity: sha512-LwZrotdHOo12nQuZlHEmtuXdqGoOD0OhaxopaNFxWzInpEgaLWoVuAMbTzixuosCx2nEG58ngzW3vxdWoxIgdg==}

  sax@1.2.1:
    resolution: {integrity: sha512-8I2a3LovHTOpm7NV5yOyO8IHqgVsfK4+UuySrXU8YXkSRX7k6hCV9b3HrkKCr3nMpgj+0bmocaJJWpvp1oc7ZA==}

  scheduler@0.26.0:
    resolution: {integrity: sha512-NlHwttCI/l5gCPR3D1nNXtWABUmBwvZpEQiD4IXSbIDq8BzLIK/7Ir5gTFSGZDUu37K5cMNp0hFtzO38sC7gWA==}

  semver@7.7.2:
    resolution: {integrity: sha512-RF0Fw+rO5AMf9MAyaRXI4AV0Ulj5lMHqVxxdSgiVbixSCXoEmmX/jk0CuJw4+3SqroYO9VoUh+HcuJivvtJemA==}
    engines: {node: '>=10'}
    hasBin: true

  sharp@0.34.4:
    resolution: {integrity: sha512-FUH39xp3SBPnxWvd5iib1X8XY7J0K0X7d93sie9CJg2PO8/7gmg89Nve6OjItK53/MlAushNNxteBYfM6DEuoA==}
    engines: {node: ^18.17.0 || ^20.3.0 || >=21.0.0}

  source-map-js@1.2.1:
    resolution: {integrity: sha512-UXWMKhLOwVKb728IUtQPXxfYU+usdybtUrK/8uGE8CQMvrhOpwvzDBwj0QhSL7MQc7vIsISBG8VQ8+IDQxpfQA==}
    engines: {node: '>=0.10.0'}

  spotify-audio-element@1.0.3:
    resolution: {integrity: sha512-I1/qD8cg/UnTlCIMiKSdZUJTyYfYhaqFK7LIVElc48eOqUUbVCaw1bqL8I6mJzdMJTh3eoNyF/ewvB7NoS/g9A==}

  string-convert@0.2.1:
    resolution: {integrity: sha512-u/1tdPl4yQnPBjnVrmdLo9gtuLvELKsAoRapekWggdiQNvvvum+jYF329d84NAa660KQw7pB2n36KrIKVoXa3A==}

  styled-jsx@5.1.6:
    resolution: {integrity: sha512-qSVyDTeMotdvQYoHWLNGwRFJHC+i+ZvdBRYosOFgC+Wg1vx4frN2/RG/NA7SYqqvKNLf39P2LSRA2pu6n0XYZA==}
    engines: {node: '>= 12.0.0'}
    peerDependencies:
      '@babel/core': '*'
      babel-plugin-macros: '*'
      react: '>= 16.8.0 || 17.x.x || ^18.0.0-0 || ^19.0.0-0'
    peerDependenciesMeta:
      '@babel/core':
        optional: true
      babel-plugin-macros:
        optional: true

  super-media-element@1.4.2:
    resolution: {integrity: sha512-9pP/CVNp4NF2MNlRzLwQkjiTgKKe9WYXrLh9+8QokWmMxz+zt2mf1utkWLco26IuA3AfVcTb//qtlTIjY3VHxA==}

  swiper@12.0.2:
    resolution: {integrity: sha512-y8F6fDGXmTVVgwqJj6I00l4FdGuhpFJn0U/9Ucn1MwWOw3NdLV8aH88pZOjyhBgU/6PyBlUx+JuAQ5KMWz906Q==}
    engines: {node: '>= 4.7.0'}

  tiktok-video-element@0.1.1:
    resolution: {integrity: sha512-BaiVzvNz2UXDKTdSrXzrNf4q6Ecc+/utYUh7zdEu2jzYcJVDoqYbVfUl0bCfMoOeeAqg28vD/yN63Y3E9jOrlA==}

  tslib@2.8.1:
    resolution: {integrity: sha512-oJFu94HQb+KVduSUQL7wnpmqnfmLsOA/nAh6b6EH0wCEoK0/mPeXU6c3wKDV83MkOuHPRHtSXKKU99IBazS/2w==}

  twitch-video-element@0.1.4:
    resolution: {integrity: sha512-SDpZ4f7sZmwHF6XG5PF0KWuP18pH/kNG04MhTcpqJby7Lk/D3TS/lCYd+RSg0rIAAVi1LDgSIo1yJs9kmHlhgw==}

  ua-parser-js@1.0.41:
    resolution: {integrity: sha512-LbBDqdIC5s8iROCUjMbW1f5dJQTEFB1+KO9ogbvlb3nm9n4YHa5p4KTvFPWvh2Hs8gZMBuiB1/8+pdfe/tDPug==}
    hasBin: true

  uncontrollable@7.2.1:
    resolution: {integrity: sha512-svtcfoTADIB0nT9nltgjujTi7BzVmwjZClOmskKu/E8FW9BXzg9os8OLr4f8Dlnk0rYWJIWr4wv9eKUXiQvQwQ==}
    peerDependencies:
      react: '>=15.0.0'

  uncontrollable@8.0.4:
    resolution: {integrity: sha512-ulRWYWHvscPFc0QQXvyJjY6LIXU56f0h8pQFvhxiKk5V1fcI8gp9Ht9leVAhrVjzqMw0BgjspBINx9r6oyJUvQ==}
    peerDependencies:
      react: '>=16.14.0'

  vimeo-video-element@1.5.5:
    resolution: {integrity: sha512-9QVvKPPnubMNeNYHY5KZqAYerVMuVG+7PSK+6IrEUD7a/wnCGtzb8Sfxl9qNxDAL6Q8i+p+5SDoVKobCd866vw==}

  warning@4.0.3:
    resolution: {integrity: sha512-rpJyN222KWIvHJ/F53XSZv0Zl/accqHR8et1kpaMTD/fLCRxtV8iX8czMzY7sVZupTI3zcUTg8eycS2kNF9l6w==}

  weakmap-polyfill@2.0.4:
    resolution: {integrity: sha512-ZzxBf288iALJseijWelmECm/1x7ZwQn3sMYIkDr2VvZp7r6SEKuT8D0O9Wiq6L9Nl5mazrOMcmiZE/2NCenaxw==}
    engines: {node: '>=8.10.0'}

  wistia-video-element@1.3.4:
    resolution: {integrity: sha512-2l22oaQe4jUfi3yvsh2m2oCEgvbqTzaSYx6aJnZAvV5hlMUJlyZheFUnaj0JU2wGlHdVGV7xNY+5KpKu+ruLYA==}

  wowjs@1.1.3:
    resolution: {integrity: sha512-HQp1gi56wYmjOYYOMZ08TnDGpT+AO21RJVa0t1NJ3jU8l3dMyP+sY7TO/lilzVp4JFjW88bBY87RnpxdpSKofA==}

  youtube-video-element@1.6.2:
    resolution: {integrity: sha512-YHDIOAqgRpfl1Ois9HcB8UFtWOxK8KJrV5TXpImj4BKYP1rWT04f/fMM9tQ9SYZlBKukT7NR+9wcI3UpB5BMDQ==}

snapshots:

  '@babel/runtime@7.28.4': {}

  '@emnapi/runtime@1.5.0':
    dependencies:
      tslib: 2.8.1
    optional: true

  '@img/colour@1.0.0':
    optional: true

  '@img/sharp-darwin-arm64@0.34.4':
    optionalDependencies:
      '@img/sharp-libvips-darwin-arm64': 1.2.3
    optional: true

  '@img/sharp-darwin-x64@0.34.4':
    optionalDependencies:
      '@img/sharp-libvips-darwin-x64': 1.2.3
    optional: true

  '@img/sharp-libvips-darwin-arm64@1.2.3':
    optional: true

  '@img/sharp-libvips-darwin-x64@1.2.3':
    optional: true

  '@img/sharp-libvips-linux-arm64@1.2.3':
    optional: true

  '@img/sharp-libvips-linux-arm@1.2.3':
    optional: true

  '@img/sharp-libvips-linux-ppc64@1.2.3':
    optional: true

  '@img/sharp-libvips-linux-s390x@1.2.3':
    optional: true

  '@img/sharp-libvips-linux-x64@1.2.3':
    optional: true

  '@img/sharp-libvips-linuxmusl-arm64@1.2.3':
    optional: true

  '@img/sharp-libvips-linuxmusl-x64@1.2.3':
    optional: true

  '@img/sharp-linux-arm64@0.34.4':
    optionalDependencies:
      '@img/sharp-libvips-linux-arm64': 1.2.3
    optional: true

  '@img/sharp-linux-arm@0.34.4':
    optionalDependencies:
      '@img/sharp-libvips-linux-arm': 1.2.3
    optional: true

  '@img/sharp-linux-ppc64@0.34.4':
    optionalDependencies:
      '@img/sharp-libvips-linux-ppc64': 1.2.3
    optional: true

  '@img/sharp-linux-s390x@0.34.4':
    optionalDependencies:
      '@img/sharp-libvips-linux-s390x': 1.2.3
    optional: true

  '@img/sharp-linux-x64@0.34.4':
    optionalDependencies:
      '@img/sharp-libvips-linux-x64': 1.2.3
    optional: true

  '@img/sharp-linuxmusl-arm64@0.34.4':
    optionalDependencies:
      '@img/sharp-libvips-linuxmusl-arm64': 1.2.3
    optional: true

  '@img/sharp-linuxmusl-x64@0.34.4':
    optionalDependencies:
      '@img/sharp-libvips-linuxmusl-x64': 1.2.3
    optional: true

  '@img/sharp-wasm32@0.34.4':
    dependencies:
      '@emnapi/runtime': 1.5.0
    optional: true

  '@img/sharp-win32-arm64@0.34.4':
    optional: true

  '@img/sharp-win32-ia32@0.34.4':
    optional: true

  '@img/sharp-win32-x64@0.34.4':
    optional: true

  '@mux/mux-data-google-ima@0.2.8':
    dependencies:
      mux-embed: 5.9.0

  '@mux/mux-player-react@3.6.0(@types/react@19.1.13)(react-dom@19.1.1(react@19.1.1))(react@19.1.1)':
    dependencies:
      '@mux/mux-player': 3.6.0(react@19.1.1)
      '@mux/playback-core': 0.31.0
      prop-types: 15.8.1
      react: 19.1.1
      react-dom: 19.1.1(react@19.1.1)
    optionalDependencies:
      '@types/react': 19.1.13

  '@mux/mux-player@3.6.0(react@19.1.1)':
    dependencies:
      '@mux/mux-video': 0.27.0
      '@mux/playback-core': 0.31.0
      media-chrome: 4.13.1(react@19.1.1)
      player.style: 0.2.0(react@19.1.1)
    transitivePeerDependencies:
      - react

  '@mux/mux-video@0.27.0':
    dependencies:
      '@mux/mux-data-google-ima': 0.2.8
      '@mux/playback-core': 0.31.0
      castable-video: 1.1.10
      custom-media-element: 1.4.5
      media-tracks: 0.3.3

  '@mux/playback-core@0.31.0':
    dependencies:
      hls.js: 1.6.13
      mux-embed: 5.12.0

  '@next/env@15.5.4': {}

  '@next/font@14.2.15(next@15.5.4(react-dom@19.1.1(react@19.1.1))(react@19.1.1))':
    dependencies:
      next: 15.5.4(react-dom@19.1.1(react@19.1.1))(react@19.1.1)

  '@next/swc-darwin-arm64@15.5.4':
    optional: true

  '@next/swc-darwin-x64@15.5.4':
    optional: true

  '@next/swc-linux-arm64-gnu@15.5.4':
    optional: true

  '@next/swc-linux-arm64-musl@15.5.4':
    optional: true

  '@next/swc-linux-x64-gnu@15.5.4':
    optional: true

  '@next/swc-linux-x64-musl@15.5.4':
    optional: true

  '@next/swc-win32-arm64-msvc@15.5.4':
    optional: true

  '@next/swc-win32-x64-msvc@15.5.4':
    optional: true

  '@popperjs/core@2.11.8': {}

  '@react-aria/ssr@3.9.10(react@19.1.1)':
    dependencies:
      '@swc/helpers': 0.5.17
      react: 19.1.1

  '@restart/hooks@0.4.16(react@19.1.1)':
    dependencies:
      dequal: 2.0.3
      react: 19.1.1

  '@restart/hooks@0.5.1(react@19.1.1)':
    dependencies:
      dequal: 2.0.3
      react: 19.1.1

  '@restart/ui@1.9.4(react-dom@19.1.1(react@19.1.1))(react@19.1.1)':
    dependencies:
      '@babel/runtime': 7.28.4
      '@popperjs/core': 2.11.8
      '@react-aria/ssr': 3.9.10(react@19.1.1)
      '@restart/hooks': 0.5.1(react@19.1.1)
      '@types/warning': 3.0.3
      dequal: 2.0.3
      dom-helpers: 5.2.1
      react: 19.1.1
      react-dom: 19.1.1(react@19.1.1)
      uncontrollable: 8.0.4(react@19.1.1)
      warning: 4.0.3

  '@svta/common-media-library@0.12.4': {}

  '@swc/helpers@0.5.15':
    dependencies:
      tslib: 2.8.1

  '@swc/helpers@0.5.17':
    dependencies:
      tslib: 2.8.1

  '@types/prop-types@15.7.15': {}

  '@types/react-transition-group@4.4.12(@types/react@19.1.13)':
    dependencies:
      '@types/react': 19.1.13

  '@types/react@19.1.13':
    dependencies:
      csstype: 3.1.3

  '@types/warning@3.0.3': {}

  '@vimeo/player@2.29.0':
    dependencies:
      native-promise-only: 0.8.1
      weakmap-polyfill: 2.0.4

  animate.css@4.1.1: {}

  bcp-47-match@2.0.3: {}

  bcp-47-normalize@2.3.0:
    dependencies:
      bcp-47: 2.1.0
      bcp-47-match: 2.0.3

  bcp-47@2.1.0:
    dependencies:
      is-alphabetical: 2.0.1
      is-alphanumerical: 2.0.1
      is-decimal: 2.0.1

  caniuse-lite@1.0.30001743: {}

  castable-video@1.1.10:
    dependencies:
      custom-media-element: 1.4.5

  ce-la-react@0.3.1(react@19.1.1):
    dependencies:
      react: 19.1.1

  classnames@2.5.1: {}

  client-only@0.0.1: {}

  cloudflare-video-element@1.3.4: {}

  codem-isoboxer@0.3.10: {}

  countup.js@2.9.0: {}

  csstype@3.1.3: {}

  custom-media-element@1.4.5: {}

  dash-video-element@0.2.0:
    dependencies:
      custom-media-element: 1.4.5
      dashjs: 5.0.3
      media-tracks: 0.3.3

  dashjs@5.0.3:
    dependencies:
      '@svta/common-media-library': 0.12.4
      bcp-47-match: 2.0.3
      bcp-47-normalize: 2.3.0
      codem-isoboxer: 0.3.10
      fast-deep-equal: 3.1.3
      html-entities: 2.6.0
      imsc: 1.1.5
      localforage: 1.10.0
      path-browserify: 1.0.1
      ua-parser-js: 1.0.41

  dequal@2.0.3: {}

  detect-libc@2.1.1:
    optional: true

  dom-helpers@5.2.1:
    dependencies:
      '@babel/runtime': 7.28.4
      csstype: 3.1.3

  fast-deep-equal@3.1.3: {}

  hls-video-element@1.5.8:
    dependencies:
      custom-media-element: 1.4.5
      hls.js: 1.6.13
      media-tracks: 0.3.3

  hls.js@1.6.13: {}

  html-entities@2.6.0: {}

  immediate@3.0.6: {}

  imsc@1.1.5:
    dependencies:
      sax: 1.2.1

  invariant@2.2.4:
    dependencies:
      loose-envify: 1.4.0

  is-alphabetical@2.0.1: {}

  is-alphanumerical@2.0.1:
    dependencies:
      is-alphabetical: 2.0.1
      is-decimal: 2.0.1

  is-decimal@2.0.1: {}

  js-tokens@4.0.0: {}

  json2mq@0.2.0:
    dependencies:
      string-convert: 0.2.1

  lie@3.1.1:
    dependencies:
      immediate: 3.0.6

  localforage@1.10.0:
    dependencies:
      lie: 3.1.1

  lodash.debounce@4.0.8: {}

  loose-envify@1.4.0:
    dependencies:
      js-tokens: 4.0.0

  media-chrome@4.13.1(react@19.1.1):
    dependencies:
      ce-la-react: 0.3.1(react@19.1.1)
    transitivePeerDependencies:
      - react

  media-tracks@0.3.3: {}

  mux-embed@5.12.0: {}

  mux-embed@5.9.0: {}

  nanoid@3.3.11: {}

  native-promise-only@0.8.1: {}

  next@15.5.4(react-dom@19.1.1(react@19.1.1))(react@19.1.1):
    dependencies:
      '@next/env': 15.5.4
      '@swc/helpers': 0.5.15
      caniuse-lite: 1.0.30001743
      postcss: 8.4.31
      react: 19.1.1
      react-dom: 19.1.1(react@19.1.1)
      styled-jsx: 5.1.6(react@19.1.1)
    optionalDependencies:
      '@next/swc-darwin-arm64': 15.5.4
      '@next/swc-darwin-x64': 15.5.4
      '@next/swc-linux-arm64-gnu': 15.5.4
      '@next/swc-linux-arm64-musl': 15.5.4
      '@next/swc-linux-x64-gnu': 15.5.4
      '@next/swc-linux-x64-musl': 15.5.4
      '@next/swc-win32-arm64-msvc': 15.5.4
      '@next/swc-win32-x64-msvc': 15.5.4
      sharp: 0.34.4
    transitivePeerDependencies:
      - '@babel/core'
      - babel-plugin-macros

  object-assign@4.1.1: {}

  path-browserify@1.0.1: {}

  picocolors@1.1.1: {}

  player.style@0.2.0(react@19.1.1):
    dependencies:
      media-chrome: 4.13.1(react@19.1.1)
    transitivePeerDependencies:
      - react

  postcss@8.4.31:
    dependencies:
      nanoid: 3.3.11
      picocolors: 1.1.1
      source-map-js: 1.2.1

  prop-types-extra@1.1.1(react@19.1.1):
    dependencies:
      react: 19.1.1
      react-is: 16.13.1
      warning: 4.0.3

  prop-types@15.8.1:
    dependencies:
      loose-envify: 1.4.0
      object-assign: 4.1.1
      react-is: 16.13.1

  react-bootstrap@2.10.10(@types/react@19.1.13)(react-dom@19.1.1(react@19.1.1))(react@19.1.1):
    dependencies:
      '@babel/runtime': 7.28.4
      '@restart/hooks': 0.4.16(react@19.1.1)
      '@restart/ui': 1.9.4(react-dom@19.1.1(react@19.1.1))(react@19.1.1)
      '@types/prop-types': 15.7.15
      '@types/react-transition-group': 4.4.12(@types/react@19.1.13)
      classnames: 2.5.1
      dom-helpers: 5.2.1
      invariant: 2.2.4
      prop-types: 15.8.1
      prop-types-extra: 1.1.1(react@19.1.1)
      react: 19.1.1
      react-dom: 19.1.1(react@19.1.1)
      react-transition-group: 4.4.5(react-dom@19.1.1(react@19.1.1))(react@19.1.1)
      uncontrollable: 7.2.1(react@19.1.1)
      warning: 4.0.3
    optionalDependencies:
      '@types/react': 19.1.13

  react-circular-progressbar@2.2.0(react@19.1.1):
    dependencies:
      react: 19.1.1

  react-countup@6.5.3(react@19.1.1):
    dependencies:
      countup.js: 2.9.0
      react: 19.1.1

  react-dom@19.1.1(react@19.1.1):
    dependencies:
      react: 19.1.1
      scheduler: 0.26.0

  react-is@16.13.1: {}

  react-lifecycles-compat@3.0.4: {}

  react-nice-select@1.0.6: {}

  react-player@3.3.3(@types/react@19.1.13)(react-dom@19.1.1(react@19.1.1))(react@19.1.1):
    dependencies:
      '@mux/mux-player-react': 3.6.0(@types/react@19.1.13)(react-dom@19.1.1(react@19.1.1))(react@19.1.1)
      '@types/react': 19.1.13
      cloudflare-video-element: 1.3.4
      dash-video-element: 0.2.0
      hls-video-element: 1.5.8
      react: 19.1.1
      react-dom: 19.1.1(react@19.1.1)
      spotify-audio-element: 1.0.3
      tiktok-video-element: 0.1.1
      twitch-video-element: 0.1.4
      vimeo-video-element: 1.5.5
      wistia-video-element: 1.3.4
      youtube-video-element: 1.6.2
    transitivePeerDependencies:
      - '@types/react-dom'

  react-slick@0.31.0(react-dom@19.1.1(react@19.1.1))(react@19.1.1):
    dependencies:
      classnames: 2.5.1
      json2mq: 0.2.0
      lodash.debounce: 4.0.8
      react: 19.1.1
      react-dom: 19.1.1(react@19.1.1)
      resize-observer-polyfill: 1.5.1

  react-transition-group@4.4.5(react-dom@19.1.1(react@19.1.1))(react@19.1.1):
    dependencies:
      '@babel/runtime': 7.28.4
      dom-helpers: 5.2.1
      loose-envify: 1.4.0
      prop-types: 15.8.1
      react: 19.1.1
      react-dom: 19.1.1(react@19.1.1)

  react-visibility-sensor@5.1.1(react-dom@19.1.1(react@19.1.1))(react@19.1.1):
    dependencies:
      prop-types: 15.8.1
      react: 19.1.1
      react-dom: 19.1.1(react@19.1.1)

  react@19.1.1: {}

  resize-observer-polyfill@1.5.1: {}

  sax@1.2.1: {}

  scheduler@0.26.0: {}

  semver@7.7.2:
    optional: true

  sharp@0.34.4:
    dependencies:
      '@img/colour': 1.0.0
      detect-libc: 2.1.1
      semver: 7.7.2
    optionalDependencies:
      '@img/sharp-darwin-arm64': 0.34.4
      '@img/sharp-darwin-x64': 0.34.4
      '@img/sharp-libvips-darwin-arm64': 1.2.3
      '@img/sharp-libvips-darwin-x64': 1.2.3
      '@img/sharp-libvips-linux-arm': 1.2.3
      '@img/sharp-libvips-linux-arm64': 1.2.3
      '@img/sharp-libvips-linux-ppc64': 1.2.3
      '@img/sharp-libvips-linux-s390x': 1.2.3
      '@img/sharp-libvips-linux-x64': 1.2.3
      '@img/sharp-libvips-linuxmusl-arm64': 1.2.3
      '@img/sharp-libvips-linuxmusl-x64': 1.2.3
      '@img/sharp-linux-arm': 0.34.4
      '@img/sharp-linux-arm64': 0.34.4
      '@img/sharp-linux-ppc64': 0.34.4
      '@img/sharp-linux-s390x': 0.34.4
      '@img/sharp-linux-x64': 0.34.4
      '@img/sharp-linuxmusl-arm64': 0.34.4
      '@img/sharp-linuxmusl-x64': 0.34.4
      '@img/sharp-wasm32': 0.34.4
      '@img/sharp-win32-arm64': 0.34.4
      '@img/sharp-win32-ia32': 0.34.4
      '@img/sharp-win32-x64': 0.34.4
    optional: true

  source-map-js@1.2.1: {}

  spotify-audio-element@1.0.3: {}

  string-convert@0.2.1: {}

  styled-jsx@5.1.6(react@19.1.1):
    dependencies:
      client-only: 0.0.1
      react: 19.1.1

  super-media-element@1.4.2: {}

  swiper@12.0.2: {}

  tiktok-video-element@0.1.1: {}

  tslib@2.8.1: {}

  twitch-video-element@0.1.4: {}

  ua-parser-js@1.0.41: {}

  uncontrollable@7.2.1(react@19.1.1):
    dependencies:
      '@babel/runtime': 7.28.4
      '@types/react': 19.1.13
      invariant: 2.2.4
      react: 19.1.1
      react-lifecycles-compat: 3.0.4

  uncontrollable@8.0.4(react@19.1.1):
    dependencies:
      react: 19.1.1

  vimeo-video-element@1.5.5:
    dependencies:
      '@vimeo/player': 2.29.0

  warning@4.0.3:
    dependencies:
      loose-envify: 1.4.0

  weakmap-polyfill@2.0.4: {}

  wistia-video-element@1.3.4:
    dependencies:
      super-media-element: 1.4.2

  wowjs@1.1.3:
    dependencies:
      animate.css: 4.1.1

  youtube-video-element@1.6.2: {}
